// !$*UTF8*$!
{
	archiveVersion = 1;
	classes = {
	};
	objectVersion = 56;
	objects = {

/* Begin PBXBuildFile section */
		4270281C2A28558A00F04386 /* BuildConfigTemplate.xcconfig in Resources */ = {isa = PBXBuildFile; fileRef = 4270281B2A28558A00F04386 /* BuildConfigTemplate.xcconfig */; };
		4284764F2A23A02F00EE42B2 /* AppDelegate.swift in Sources */ = {isa = PBXBuildFile; fileRef = 4284764E2A23A02F00EE42B2 /* AppDelegate.swift */; };
		428476512A23A02F00EE42B2 /* Assets.xcassets in Resources */ = {isa = PBXBuildFile; fileRef = 428476502A23A02F00EE42B2 /* Assets.xcassets */; };
		428476542A23A02F00EE42B2 /* MainMenu.xib in Resources */ = {isa = PBXBuildFile; fileRef = 428476522A23A02F00EE42B2 /* MainMenu.xib */; };
		428476792A23A18700EE42B2 /* DSFDockTile in Frameworks */ = {isa = PBXBuildFile; productRef = 428476782A23A18700EE42B2 /* DSFDockTile */; };
		42A8BC572A245545006F7C2A /* SwiftShell in Frameworks */ = {isa = PBXBuildFile; productRef = 42A8BC562A245545006F7C2A /* SwiftShell */; };
/* End PBXBuildFile section */

/* Begin PBXFileReference section */
		4270281B2A28558A00F04386 /* BuildConfigTemplate.xcconfig */ = {isa = PBXFileReference; lastKnownFileType = text.xcconfig; path = BuildConfigTemplate.xcconfig; sourceTree = "<group>"; };
		4284764B2A23A02F00EE42B2 /* LiveAppIcon.app */ = {isa = PBXFileReference; explicitFileType = wrapper.application; includeInIndex = 0; path = LiveAppIcon.app; sourceTree = BUILT_PRODUCTS_DIR; };
		4284764E2A23A02F00EE42B2 /* AppDelegate.swift */ = {isa = PBXFileReference; lastKnownFileType = sourcecode.swift; path = AppDelegate.swift; sourceTree = "<group>"; };
		428476502A23A02F00EE42B2 /* Assets.xcassets */ = {isa = PBXFileReference; lastKnownFileType = folder.assetcatalog; path = Assets.xcassets; sourceTree = "<group>"; };
		428476532A23A02F00EE42B2 /* Base */ = {isa = PBXFileReference; lastKnownFileType = file.xib; name = Base; path = Base.lproj/MainMenu.xib; sourceTree = "<group>"; };
		428476552A23A02F00EE42B2 /* LiveAppIcon.entitlements */ = {isa = PBXFileReference; lastKnownFileType = text.plist.entitlements; path = LiveAppIcon.entitlements; sourceTree = "<group>"; };
/* End PBXFileReference section */

/* Begin PBXFrameworksBuildPhase section */
		428476482A23A02F00EE42B2 /* Frameworks */ = {
			isa = PBXFrameworksBuildPhase;
			buildActionMask = 2147483647;
			files = (
				428476792A23A18700EE42B2 /* DSFDockTile in Frameworks */,
				42A8BC572A245545006F7C2A /* SwiftShell in Frameworks */,
			);
			runOnlyForDeploymentPostprocessing = 0;
		};
/* End PBXFrameworksBuildPhase section */

/* Begin PBXGroup section */
		428476422A23A02E00EE42B2 = {
			isa = PBXGroup;
			children = (
				4270281B2A28558A00F04386 /* BuildConfigTemplate.xcconfig */,
				4284764D2A23A02F00EE42B2 /* LiveAppIcon */,
				4284764C2A23A02F00EE42B2 /* Products */,
			);
			sourceTree = "<group>";
		};
		4284764C2A23A02F00EE42B2 /* Products */ = {
			isa = PBXGroup;
			children = (
				4284764B2A23A02F00EE42B2 /* LiveAppIcon.app */,
			);
			name = Products;
			sourceTree = "<group>";
		};
		4284764D2A23A02F00EE42B2 /* LiveAppIcon */ = {
			isa = PBXGroup;
			children = (
				4284764E2A23A02F00EE42B2 /* AppDelegate.swift */,
				428476502A23A02F00EE42B2 /* Assets.xcassets */,
				428476522A23A02F00EE42B2 /* MainMenu.xib */,
				428476552A23A02F00EE42B2 /* LiveAppIcon.entitlements */,
			);
			path = LiveAppIcon;
			sourceTree = "<group>";
		};
/* End PBXGroup section */

/* Begin PBXNativeTarget section */
		4284764A2A23A02F00EE42B2 /* LiveAppIcon */ = {
			isa = PBXNativeTarget;
			buildConfigurationList = 4284766E2A23A02F00EE42B2 /* Build configuration list for PBXNativeTarget "LiveAppIcon" */;
			buildPhases = (
				428476472A23A02F00EE42B2 /* Sources */,
				428476482A23A02F00EE42B2 /* Frameworks */,
				428476492A23A02F00EE42B2 /* Resources */,
			);
			buildRules = (
			);
			dependencies = (
			);
			name = LiveAppIcon;
			packageProductDependencies = (
				428476782A23A18700EE42B2 /* DSFDockTile */,
				42A8BC562A245545006F7C2A /* SwiftShell */,
			);
			productName = LiveAppIcon;
			productReference = 4284764B2A23A02F00EE42B2 /* LiveAppIcon.app */;
			productType = "com.apple.product-type.application";
		};
/* End PBXNativeTarget section */

/* Begin PBXProject section */
		428476432A23A02E00EE42B2 /* Project object */ = {
			isa = PBXProject;
			attributes = {
				BuildIndependentTargetsInParallel = 1;
				LastSwiftUpdateCheck = 1430;
				LastUpgradeCheck = 1430;
				TargetAttributes = {
					4284764A2A23A02F00EE42B2 = {
						CreatedOnToolsVersion = 14.3;
					};
				};
			};
			buildConfigurationList = 428476462A23A02E00EE42B2 /* Build configuration list for PBXProject "LiveAppIcon" */;
			compatibilityVersion = "Xcode 14.0";
			developmentRegion = en;
			hasScannedForEncodings = 0;
			knownRegions = (
				en,
				Base,
			);
			mainGroup = 428476422A23A02E00EE42B2;
			packageReferences = (
				428476772A23A18700EE42B2 /* XCRemoteSwiftPackageReference "DSFDockTile" */,
				42A8BC552A245545006F7C2A /* XCRemoteSwiftPackageReference "SwiftShell" */,
			);
			productRefGroup = 4284764C2A23A02F00EE42B2 /* Products */;
			projectDirPath = "";
			projectRoot = "";
			targets = (
				4284764A2A23A02F00EE42B2 /* LiveAppIcon */,
			);
		};
/* End PBXProject section */

/* Begin PBXResourcesBuildPhase section */
		428476492A23A02F00EE42B2 /* Resources */ = {
			isa = PBXResourcesBuildPhase;
			buildActionMask = 2147483647;
			files = (
				428476512A23A02F00EE42B2 /* Assets.xcassets in Resources */,
				4270281C2A28558A00F04386 /* BuildConfigTemplate.xcconfig in Resources */,
				428476542A23A02F00EE42B2 /* MainMenu.xib in Resources */,
			);
			runOnlyForDeploymentPostprocessing = 0;
		};
/* End PBXResourcesBuildPhase section */

/* Begin PBXSourcesBuildPhase section */
		428476472A23A02F00EE42B2 /* Sources */ = {
			isa = PBXSourcesBuildPhase;
			buildActionMask = 2147483647;
			files = (
				4284764F2A23A02F00EE42B2 /* AppDelegate.swift in Sources */,
			);
			runOnlyForDeploymentPostprocessing = 0;
		};
/* End PBXSourcesBuildPhase section */

/* Begin PBXVariantGroup section */
		428476522A23A02F00EE42B2 /* MainMenu.xib */ = {
			isa = PBXVariantGroup;
			children = (
				428476532A23A02F00EE42B2 /* Base */,
			);
			name = MainMenu.xib;
			sourceTree = "<group>";
		};
/* End PBXVariantGroup section */

/* Begin XCBuildConfiguration section */
		4284766C2A23A02F00EE42B2 /* Debug */ = {
			isa = XCBuildConfiguration;
			buildSettings = {
				ALWAYS_SEARCH_USER_PATHS = NO;
				CLANG_ANALYZER_NONNULL = YES;
				CLANG_ANALYZER_NUMBER_OBJECT_CONVERSION = YES_AGGRESSIVE;
				CLANG_CXX_LANGUAGE_STANDARD = "gnu++20";
				CLANG_ENABLE_MODULES = YES;
				CLANG_ENABLE_OBJC_ARC = YES;
				CLANG_ENABLE_OBJC_WEAK = YES;
				CLANG_WARN_BLOCK_CAPTURE_AUTORELEASING = YES;
				CLANG_WARN_BOOL_CONVERSION = YES;
				CLANG_WARN_COMMA = YES;
				CLANG_WARN_CONSTANT_CONVERSION = YES;
				CLANG_WARN_DEPRECATED_OBJC_IMPLEMENTATIONS = YES;
				CLANG_WARN_DIRECT_OBJC_ISA_USAGE = YES_ERROR;
				CLANG_WARN_DOCUMENTATION_COMMENTS = YES;
				CLANG_WARN_EMPTY_BODY = YES;
				CLANG_WARN_ENUM_CONVERSION = YES;
				CLANG_WARN_INFINITE_RECURSION = YES;
				CLANG_WARN_INT_CONVERSION = YES;
				CLANG_WARN_NON_LITERAL_NULL_CONVERSION = YES;
				CLANG_WARN_OBJC_IMPLICIT_RETAIN_SELF = YES;
				CLANG_WARN_OBJC_LITERAL_CONVERSION = YES;
				CLANG_WARN_OBJC_ROOT_CLASS = YES_ERROR;
				CLANG_WARN_QUOTED_INCLUDE_IN_FRAMEWORK_HEADER = YES;
				CLANG_WARN_RANGE_LOOP_ANALYSIS = YES;
				CLANG_WARN_STRICT_PROTOTYPES = YES;
				CLANG_WARN_SUSPICIOUS_MOVE = YES;
				CLANG_WARN_UNGUARDED_AVAILABILITY = YES_AGGRESSIVE;
				CLANG_WARN_UNREACHABLE_CODE = YES;
				CLANG_WARN__DUPLICATE_METHOD_MATCH = YES;
				COPY_PHASE_STRIP = NO;
				DEBUG_INFORMATION_FORMAT = dwarf;
				ENABLE_STRICT_OBJC_MSGSEND = YES;
				ENABLE_TESTABILITY = YES;
				GCC_C_LANGUAGE_STANDARD = gnu11;
				GCC_DYNAMIC_NO_PIC = NO;
				GCC_NO_COMMON_BLOCKS = YES;
				GCC_OPTIMIZATION_LEVEL = 0;
				GCC_PREPROCESSOR_DEFINITIONS = (
					"DEBUG=1",
					"$(inherited)",
				);
				GCC_WARN_64_TO_32_BIT_CONVERSION = YES;
				GCC_WARN_ABOUT_RETURN_TYPE = YES_ERROR;
				GCC_WARN_UNDECLARED_SELECTOR = YES;
				GCC_WARN_UNINITIALIZED_AUTOS = YES_AGGRESSIVE;
				GCC_WARN_UNUSED_FUNCTION = YES;
				GCC_WARN_UNUSED_VARIABLE = YES;
				MACOSX_DEPLOYMENT_TARGET = 13.0;
				MTL_ENABLE_DEBUG_INFO = INCLUDE_SOURCE;
				MTL_FAST_MATH = YES;
				ONLY_ACTIVE_ARCH = YES;
				SDKROOT = macosx;
				SWIFT_ACTIVE_COMPILATION_CONDITIONS = DEBUG;
				SWIFT_OPTIMIZATION_LEVEL = "-Onone";
			};
			name = Debug;
		};
		4284766D2A23A02F00EE42B2 /* Release */ = {
			isa = XCBuildConfiguration;
			buildSettings = {
				ALWAYS_SEARCH_USER_PATHS = NO;
				CLANG_ANALYZER_NONNULL = YES;
				CLANG_ANALYZER_NUMBER_OBJECT_CONVERSION = YES_AGGRESSIVE;
				CLANG_CXX_LANGUAGE_STANDARD = "gnu++20";
				CLANG_ENABLE_MODULES = YES;
				CLANG_ENABLE_OBJC_ARC = YES;
				CLANG_ENABLE_OBJC_WEAK = YES;
				CLANG_WARN_BLOCK_CAPTURE_AUTORELEASING = YES;
				CLANG_WARN_BOOL_CONVERSION = YES;
				CLANG_WARN_COMMA = YES;
				CLANG_WARN_CONSTANT_CONVERSION = YES;
				CLANG_WARN_DEPRECATED_OBJC_IMPLEMENTATIONS = YES;
				CLANG_WARN_DIRECT_OBJC_ISA_USAGE = YES_ERROR;
				CLANG_WARN_DOCUMENTATION_COMMENTS = YES;
				CLANG_WARN_EMPTY_BODY = YES;
				CLANG_WARN_ENUM_CONVERSION = YES;
				CLANG_WARN_INFINITE_RECURSION = YES;
				CLANG_WARN_INT_CONVERSION = YES;
				CLANG_WARN_NON_LITERAL_NULL_CONVERSION = YES;
				CLANG_WARN_OBJC_IMPLICIT_RETAIN_SELF = YES;
				CLANG_WARN_OBJC_LITERAL_CONVERSION = YES;
				CLANG_WARN_OBJC_ROOT_CLASS = YES_ERROR;
				CLANG_WARN_QUOTED_INCLUDE_IN_FRAMEWORK_HEADER = YES;
				CLANG_WARN_RANGE_LOOP_ANALYSIS = YES;
				CLANG_WARN_STRICT_PROTOTYPES = YES;
				CLANG_WARN_SUSPICIOUS_MOVE = YES;
				CLANG_WARN_UNGUARDED_AVAILABILITY = YES_AGGRESSIVE;
				CLANG_WARN_UNREACHABLE_CODE = YES;
				CLANG_WARN__DUPLICATE_METHOD_MATCH = YES;
				COPY_PHASE_STRIP = NO;
				DEBUG_INFORMATION_FORMAT = "dwarf-with-dsym";
				ENABLE_NS_ASSERTIONS = NO;
				ENABLE_STRICT_OBJC_MSGSEND = YES;
				GCC_C_LANGUAGE_STANDARD = gnu11;
				GCC_NO_COMMON_BLOCKS = YES;
				GCC_WARN_64_TO_32_BIT_CONVERSION = YES;
				GCC_WARN_ABOUT_RETURN_TYPE = YES_ERROR;
				GCC_WARN_UNDECLARED_SELECTOR = YES;
				GCC_WARN_UNINITIALIZED_AUTOS = YES_AGGRESSIVE;
				GCC_WARN_UNUSED_FUNCTION = YES;
				GCC_WARN_UNUSED_VARIABLE = YES;
				MACOSX_DEPLOYMENT_TARGET = 13.0;
				MTL_ENABLE_DEBUG_INFO = NO;
				MTL_FAST_MATH = YES;
				SDKROOT = macosx;
				SWIFT_COMPILATION_MODE = wholemodule;
				SWIFT_OPTIMIZATION_LEVEL = "-O";
			};
			name = Release;
		};
		4284766F2A23A02F00EE42B2 /* Debug */ = {
			isa = XCBuildConfiguration;
			baseConfigurationReference = 4270281B2A28558A00F04386 /* BuildConfigTemplate.xcconfig */;
			buildSettings = {
				ASSETCATALOG_COMPILER_APPICON_NAME = AppIcon;
				ASSETCATALOG_COMPILER_GLOBAL_ACCENT_COLOR_NAME = AccentColor;
				CODE_SIGN_ENTITLEMENTS = LiveAppIcon/LiveAppIcon.entitlements;
				CODE_SIGN_IDENTITY = "Apple Development";
				"CODE_SIGN_IDENTITY[sdk=macosx*]" = "-";
				CODE_SIGN_STYLE = Manual;
				COMBINE_HIDPI_IMAGES = YES;
				CURRENT_PROJECT_VERSION = 1;
				DEVELOPMENT_TEAM = "";
				"DEVELOPMENT_TEAM[sdk=macosx*]" = "";
				ENABLE_HARDENED_RUNTIME = YES;
				GENERATE_INFOPLIST_FILE = YES;
				INFOPLIST_KEY_LSApplicationCategoryType = "public.app-category.utilities";
				INFOPLIST_KEY_NSHumanReadableCopyright = "";
				INFOPLIST_KEY_NSMainNibFile = MainMenu;
				INFOPLIST_KEY_NSPrincipalClass = NSApplication;
				LD_RUNPATH_SEARCH_PATHS = (
					"$(inherited)",
					"@executable_path/../Frameworks",
				);
				MARKETING_VERSION = 1.0;
				PRODUCT_BUNDLE_IDENTIFIER = dev.norelease.liveappicon;
				PRODUCT_NAME = "$(TARGET_NAME)";
				PROVISIONING_PROFILE_SPECIFIER = "";
				SWIFT_EMIT_LOC_STRINGS = YES;
				SWIFT_VERSION = 5.0;
			};
			name = Debug;
		};
		428476702A23A02F00EE42B2 /* Release */ = {
			isa = XCBuildConfiguration;
			baseConfigurationReference = 4270281B2A28558A00F04386 /* BuildConfigTemplate.xcconfig */;
			buildSettings = {
				ASSETCATALOG_COMPILER_APPICON_NAME = AppIcon;
				ASSETCATALOG_COMPILER_GLOBAL_ACCENT_COLOR_NAME = AccentColor;
				CODE_SIGN_ENTITLEMENTS = LiveAppIcon/LiveAppIcon.entitlements;
				CODE_SIGN_IDENTITY = "Apple Development";
				"CODE_SIGN_IDENTITY[sdk=macosx*]" = "-";
				CODE_SIGN_STYLE = Manual;
				COMBINE_HIDPI_IMAGES = YES;
				CURRENT_PROJECT_VERSION = 1;
				DEVELOPMENT_TEAM = "";
				"DEVELOPMENT_TEAM[sdk=macosx*]" = "";
				ENABLE_HARDENED_RUNTIME = YES;
				GENERATE_INFOPLIST_FILE = YES;
				INFOPLIST_KEY_LSApplicationCategoryType = "public.app-category.utilities";
				INFOPLIST_KEY_NSHumanReadableCopyright = "";
				INFOPLIST_KEY_NSMainNibFile = MainMenu;
				INFOPLIST_KEY_NSPrincipalClass = NSApplication;
				LD_RUNPATH_SEARCH_PATHS = (
					"$(inherited)",
					"@executable_path/../Frameworks",
				);
				MARKETING_VERSION = 1.0;
				PRODUCT_BUNDLE_IDENTIFIER = dev.norelease.liveappicon;
				PRODUCT_NAME = "$(TARGET_NAME)";
				PROVISIONING_PROFILE_SPECIFIER = "";
				SWIFT_EMIT_LOC_STRINGS = YES;
				SWIFT_VERSION = 5.0;
			};
			name = Release;
		};
/* End XCBuildConfiguration section */

/* Begin XCConfigurationList section */
		428476462A23A02E00EE42B2 /* Build configuration list for PBXProject "LiveAppIcon" */ = {
			isa = XCConfigurationList;
			buildConfigurations = (
				4284766C2A23A02F00EE42B2 /* Debug */,
				4284766D2A23A02F00EE42B2 /* Release */,
			);
			defaultConfigurationIsVisible = 0;
			defaultConfigurationName = Release;
		};
		4284766E2A23A02F00EE42B2 /* Build configuration list for PBXNativeTarget "LiveAppIcon" */ = {
			isa = XCConfigurationList;
			buildConfigurations = (
				4284766F2A23A02F00EE42B2 /* Debug */,
				428476702A23A02F00EE42B2 /* Release */,
			);
			defaultConfigurationIsVisible = 0;
			defaultConfigurationName = Release;
		};
/* End XCConfigurationList section */

/* Begin XCRemoteSwiftPackageReference section */
		428476772A23A18700EE42B2 /* XCRemoteSwiftPackageReference "DSFDockTile" */ = {
			isa = XCRemoteSwiftPackageReference;
			repositoryURL = "https://github.com/dagronf/DSFDockTile";
			requirement = {
				kind = upToNextMajorVersion;
				minimumVersion = 0.7.1;
			};
		};
		42A8BC552A245545006F7C2A /* XCRemoteSwiftPackageReference "SwiftShell" */ = {
			isa = XCRemoteSwiftPackageReference;
			repositoryURL = "https://github.com/kareman/SwiftShell";
			requirement = {
				kind = upToNextMajorVersion;
				minimumVersion = 5.0.0;
			};
		};
/* End XCRemoteSwiftPackageReference section */

/* Begin XCSwiftPackageProductDependency section */
		428476782A23A18700EE42B2 /* DSFDockTile */ = {
			isa = XCSwiftPackageProductDependency;
			package = 428476772A23A18700EE42B2 /* XCRemoteSwiftPackageReference "DSFDockTile" */;
			productName = DSFDockTile;
		};
		42A8BC562A245545006F7C2A /* SwiftShell */ = {
			isa = XCSwiftPackageProductDependency;
			package = 42A8BC552A245545006F7C2A /* XCRemoteSwiftPackageReference "SwiftShell" */;
			productName = SwiftShell;
		};
/* End XCSwiftPackageProductDependency section */
	};
	rootObject = 428476432A23A02E00EE42B2 /* Project object */;
}
